
Microsoft Visual Studio Solution File, Format Version 12.00
# Visual Studio Version 16
VisualStudioVersion = 16.0.31624.102
MinimumVisualStudioVersion = 10.0.40219.1
Project("{FAE04EC0-301F-11D3-BF4B-00C04F79EFBC}") = "Your order, please", "Your order, please\Your order, please.csproj", "{CEFE65BD-605F-43D4-B76C-3A6924370021}"
EndProject
Global
	GlobalSection(SolutionConfigurationPlatforms) = preSolution
		Debug|Any CPU = Debug|Any CPU
		Release|Any CPU = Release|Any CPU
	EndGlobalSection
	GlobalSection(ProjectConfigurationPlatforms) = postSolution
		{CEFE65BD-605F-43D4-B76C-3A6924370021}.Debug|Any CPU.ActiveCfg = Debug|Any CPU
		{CEFE65BD-605F-43D4-B76C-3A6924370021}.Debug|Any CPU.Build.0 = Debug|Any CPU
		{CEFE65BD-605F-43D4-B76C-3A6924370021}.Release|Any CPU.ActiveCfg = Release|Any CPU
		{CEFE65BD-605F-43D4-B76C-3A6924370021}.Release|Any CPU.Build.0 = Release|Any CPU
	EndGlobalSection
	GlobalSection(SolutionProperties) = preSolution
		HideSolutionNode = FALSE
	EndGlobalSection
	GlobalSection(ExtensibilityGlobals) = postSolution
		SolutionGuid = {E0F4E63E-996D-4A92-9EB8-900754991157}
	EndGlobalSection
EndGlobal
